github.com/koeng101/dnadesign/lib v0.0.0-20240829011445-cf75dc91ccf1 h1:Yxg8tE7B2suXwpK2qGVxNxZ5zIW4r2AeI3quxq3/UOQ=
github.com/koeng101/dnadesign/lib v0.0.0-20240829011445-cf75dc91ccf1/go.mod h1:oTFawZ8aVIhAQSRNJKH9Yk4rp/nTDBVLDSsYEaxJPTQ=
gopkg.in/check.v1 v0.0.0-20161208181325-20d25e280405 h1:yhCVgyC4o1eVCa2tZl7eS0r+SDo693bJlVdllGtEeKM=
gopkg.in/check.v1 v0.0.0-20161208181325-20d25e280405/go.mod h1:Co6ibVJAznAaIkqp8huTwlJQCZ016jof/cbN4VW5Yz0=
gopkg.in/yaml.v2 v2.4.0 h1:D8xgwECY7CYvx+Y2n4sBz93Jn9JRvxdiyyo8CTfuKaY=
gopkg.in/yaml.v2 v2.4.0/go.mod h1:RDklbk79AGWmwhnvt/jBztapEOGDOx6ZbXqjP6csGnQ=
